
Microsoft Visual Studio Solution File, Format Version 12.00
# Visual Studio Version 17
VisualStudioVersion = 17.7.34202.233
MinimumVisualStudioVersion = 10.0.40219.1
Project("{FAE04EC0-301F-11D3-BF4B-00C04F79EFBC}") = "ENE", "ENE\ENE.csproj", "{67E60DB9-A7BA-4100-A18A-D9185C655165}"
EndProject
Global
	GlobalSection(SolutionConfigurationPlatforms) = preSolution
		Debug|Any CPU = Debug|Any CPU
		Release|Any CPU = Release|Any CPU
	EndGlobalSection
	GlobalSection(ProjectConfigurationPlatforms) = postSolution
		{67E60DB9-A7BA-4100-A18A-D9185C655165}.Debug|Any CPU.ActiveCfg = Debug|Any CPU
		{67E60DB9-A7BA-4100-A18A-D9185C655165}.Debug|Any CPU.Build.0 = Debug|Any CPU
		{67E60DB9-A7BA-4100-A18A-D9185C655165}.Release|Any CPU.ActiveCfg = Release|Any CPU
		{67E60DB9-A7BA-4100-A18A-D9185C655165}.Release|Any CPU.Build.0 = Release|Any CPU
	EndGlobalSection
	GlobalSection(SolutionProperties) = preSolution
		HideSolutionNode = FALSE
	EndGlobalSection
	GlobalSection(ExtensibilityGlobals) = postSolution
		SolutionGuid = {08EF1C19-E47A-4F0B-B31A-7DCDE89A7FD1}
	EndGlobalSection
EndGlobal
